
Microsoft Visual Studio Solution File, Format Version 12.00
# Visual Studio Version 16
VisualStudioVersion = 16.0.30204.135
MinimumVisualStudioVersion = 10.0.40219.1
Project("{E24C65DC-7377-472B-9ABA-BC803B73C61A}") = "ChatRoom", ".", "{BD0109CB-2E3D-43DD-8A05-DE02C784786F}"
	ProjectSection(WebsiteProperties) = preProject
		TargetFrameworkMoniker = ".NETFramework,Version%3Dv4.7.2"
		Debug.AspNetCompiler.VirtualPath = "/localhost_59804"
		Debug.AspNetCompiler.PhysicalPath = "..\ChatRoom\"
		Debug.AspNetCompiler.TargetPath = "PrecompiledWeb\localhost_59804\"
		Debug.AspNetCompiler.Updateable = "true"
		Debug.AspNetCompiler.ForceOverwrite = "true"
		Debug.AspNetCompiler.FixedNames = "false"
		Debug.AspNetCompiler.Debug = "True"
		Release.AspNetCompiler.VirtualPath = "/localhost_59804"
		Release.AspNetCompiler.PhysicalPath = "..\ChatRoom\"
		Release.AspNetCompiler.TargetPath = "PrecompiledWeb\localhost_59804\"
		Release.AspNetCompiler.Updateable = "true"
		Release.AspNetCompiler.ForceOverwrite = "true"
		Release.AspNetCompiler.FixedNames = "false"
		Release.AspNetCompiler.Debug = "False"
		VWDPort = "59804"
		SlnRelativePath = "..\ChatRoom\"
		DefaultWebSiteLanguage = "Visual C#"
	EndProjectSection
EndProject
Global
	GlobalSection(SolutionConfigurationPlatforms) = preSolution
		Debug|Any CPU = Debug|Any CPU
	EndGlobalSection
	GlobalSection(ProjectConfigurationPlatforms) = postSolution
		{BD0109CB-2E3D-43DD-8A05-DE02C784786F}.Debug|Any CPU.ActiveCfg = Debug|Any CPU
		{BD0109CB-2E3D-43DD-8A05-DE02C784786F}.Debug|Any CPU.Build.0 = Debug|Any CPU
	EndGlobalSection
	GlobalSection(SolutionProperties) = preSolution
		HideSolutionNode = FALSE
	EndGlobalSection
	GlobalSection(ExtensibilityGlobals) = postSolution
		SolutionGuid = {9BF67072-9A7A-4E49-A910-9F44DD2DEF99}
	EndGlobalSection
EndGlobal
